{
  "name": "ChatTutor",
  "lockfileVersion": 3,
  "requires": true,
  "packages": {
    "": {
      "dependencies": {
        "@geometricpanda/angular-tilt": "^0.4.0"
      }
    },
    "node_modules/@angular/common": {
      "version": "17.1.3",
      "resolved": "https://registry.npmjs.org/@angular/common/-/common-17.1.3.tgz",
      "integrity": "sha512-AzLzoNSeRSNGBQk0K+iG0XdYG36SDeJqYqE8rfoiWuv1NDFLL05UJM2/fQfaMNg0oX5bHOlHUqHFj3sFR/NVpw==",
      "peer": true,
      "dependencies": {
        "tslib": "^2.3.0"
      },
      "engines": {
        "node": "^18.13.0 || >=20.9.0"
      },
      "peerDependencies": {
        "@angular/core": "17.1.3",
        "rxjs": "^6.5.3 || ^7.4.0"
      }
    },
    "node_modules/@angular/core": {
      "version": "17.1.3",
      "resolved": "https://registry.npmjs.org/@angular/core/-/core-17.1.3.tgz",
      "integrity": "sha512-2lZ4DRHN8KJ/aQads+YXIcx5Ri9yyeFIlw69m5Pn7wAi/+Rakg7IsclgLaWs7aBtWwMHG7LnqFKxAVq7CjXKtA==",
      "peer": true,
      "dependencies": {
        "tslib": "^2.3.0"
      },
      "engines": {
        "node": "^18.13.0 || >=20.9.0"
      },
      "peerDependencies": {
        "rxjs": "^6.5.3 || ^7.4.0",
        "zone.js": "~0.14.0"
      }
    },
    "node_modules/@geometricpanda/angular-tilt": {
      "version": "0.4.0",
      "resolved": "https://registry.npmjs.org/@geometricpanda/angular-tilt/-/angular-tilt-0.4.0.tgz",
      "integrity": "sha512-UiwzEzpWd5XvEcefS0h8hEZq1VSnEplN+1r+q7O22FnlcZrcCsQWPLcmdUehHZmZ332mqwTXRJ6EIcxumHwZcw==",
      "dependencies": {
        "tslib": "^2.3.0"
      },
      "peerDependencies": {
        "@angular/common": "^17.0.0",
        "@angular/core": "^17.0.0"
      }
    },
    "node_modules/rxjs": {
      "version": "7.8.1",
      "resolved": "https://registry.npmjs.org/rxjs/-/rxjs-7.8.1.tgz",
      "integrity": "sha512-AA3TVj+0A2iuIoQkWEK/tqFjBq2j+6PO6Y0zJcvzLAFhEFIO3HL0vls9hWLncZbAAbK0mar7oZ4V079I/qPMxg==",
      "peer": true,
      "dependencies": {
        "tslib": "^2.1.0"
      }
    },
    "node_modules/tslib": {
      "version": "2.6.2",
      "resolved": "https://registry.npmjs.org/tslib/-/tslib-2.6.2.tgz",
      "integrity": "sha512-AEYxH93jGFPn/a2iVAwW87VuUIkR1FVUKB77NwMF7nBTDkDrrT/Hpt/IrCJ0QXhW27jTBDcf5ZY7w6RiqTMw2Q=="
    },
    "node_modules/zone.js": {
      "version": "0.14.3",
      "resolved": "https://registry.npmjs.org/zone.js/-/zone.js-0.14.3.tgz",
      "integrity": "sha512-jYoNqF046Q+JfcZSItRSt+oXFcpXL88yq7XAZjb/NKTS7w2hHpKjRJ3VlFD1k75wMaRRXNUt5vrZVlygiMyHbA==",
      "peer": true,
      "dependencies": {
        "tslib": "^2.3.0"
      }
    }
  }
}
